
Microsoft Visual Studio Solution File, Format Version 12.00
# Visual Studio Version 17
VisualStudioVersion = 17.11.35208.52
MinimumVisualStudioVersion = 10.0.40219.1
Project("{FAE04EC0-301F-11D3-BF4B-00C04F79EFBC}") = "JWT_Backend", "JWT_Backend\JWT_Backend.csproj", "{3D8E381D-3ED1-4216-A90C-8A24BF4284EE}"
EndProject
Global
	GlobalSection(SolutionConfigurationPlatforms) = preSolution
		Debug|Any CPU = Debug|Any CPU
		Release|Any CPU = Release|Any CPU
	EndGlobalSection
	GlobalSection(ProjectConfigurationPlatforms) = postSolution
		{3D8E381D-3ED1-4216-A90C-8A24BF4284EE}.Debug|Any CPU.ActiveCfg = Debug|Any CPU
		{3D8E381D-3ED1-4216-A90C-8A24BF4284EE}.Debug|Any CPU.Build.0 = Debug|Any CPU
		{3D8E381D-3ED1-4216-A90C-8A24BF4284EE}.Release|Any CPU.ActiveCfg = Release|Any CPU
		{3D8E381D-3ED1-4216-A90C-8A24BF4284EE}.Release|Any CPU.Build.0 = Release|Any CPU
	EndGlobalSection
	GlobalSection(SolutionProperties) = preSolution
		HideSolutionNode = FALSE
	EndGlobalSection
	GlobalSection(ExtensibilityGlobals) = postSolution
		SolutionGuid = {E86D5A85-8570-4347-952F-7343F0079B91}
	EndGlobalSection
EndGlobal
